
Microsoft Visual Studio Solution File, Format Version 12.00
# Visual Studio Version 16
VisualStudioVersion = 16.0.30309.148
MinimumVisualStudioVersion = 10.0.40219.1
Project("{2150E333-8FDC-42A3-9474-1A3956D46DE8}") = "3rdparty", "3rdparty", "{4392CFFC-0994-41FA-99AE-0202881E16FB}"
EndProject
Project("{8BC9CEB8-8B4A-11D0-8D11-00A0C91BC942}") = "bgfx", "3rdparty\bgfx\.build\projects\vs2019\bgfx.vcxproj", "{6C90947C-58C7-950D-01B4-7B10EDC9110F}"
EndProject
Project("{8BC9CEB8-8B4A-11D0-8D11-00A0C91BC942}") = "bimg", "3rdparty\bgfx\.build\projects\vs2019\bimg.vcxproj", "{C499947C-B0D0-950D-59BD-7B1045D3110F}"
EndProject
Project("{8BC9CEB8-8B4A-11D0-8D11-00A0C91BC942}") = "bimg_decode", "3rdparty\bgfx\.build\projects\vs2019\bimg_decode.vcxproj", "{A7B931CA-136F-AABF-9C63-A4960818A1C3}"
EndProject
Project("{8BC9CEB8-8B4A-11D0-8D11-00A0C91BC942}") = "bx", "3rdparty\bgfx\.build\projects\vs2019\bx.vcxproj", "{5F775900-4B03-880B-B4B1-880BA05C880B}"
EndProject
Project("{2150E333-8FDC-42A3-9474-1A3956D46DE8}") = "bgfx", "bgfx", "{2BACCB8E-080B-46C0-B544-32F1D4F4BF0D}"
EndProject
Project("{9A19103F-16F7-4668-BE54-9A1E7A4F7556}") = "McMaster.NETCore.Plugins", "3rdparty\DotNetCorePlugins\src\Plugins\McMaster.NETCore.Plugins.csproj", "{E50B3DD7-A71E-4583-AE5A-096E8CA75D65}"
EndProject
Project("{2150E333-8FDC-42A3-9474-1A3956D46DE8}") = "plugins", "plugins", "{7573AA98-1184-44C9-A6F6-31BEC9484358}"
EndProject
Project("{9A19103F-16F7-4668-BE54-9A1E7A4F7556}") = "TestPlugin", "plugins\TestPlugin\TestPlugin.csproj", "{01BF8C53-0A3E-4A45-A731-D61759D7C759}"
EndProject
Project("{2150E333-8FDC-42A3-9474-1A3956D46DE8}") = "src", "src", "{BAC3EE35-0244-44A9-81DE-52D413D01A27}"
EndProject
Project("{9A19103F-16F7-4668-BE54-9A1E7A4F7556}") = "Editor", "src\FireEngine\Editor.csproj", "{5F970BA9-DDAF-4C6D-B225-F57894B98342}"
	ProjectSection(ProjectDependencies) = postProject
		{5F775900-4B03-880B-B4B1-880BA05C880B} = {5F775900-4B03-880B-B4B1-880BA05C880B}
		{6C90947C-58C7-950D-01B4-7B10EDC9110F} = {6C90947C-58C7-950D-01B4-7B10EDC9110F}
		{C499947C-B0D0-950D-59BD-7B1045D3110F} = {C499947C-B0D0-950D-59BD-7B1045D3110F}
		{A7B931CA-136F-AABF-9C63-A4960818A1C3} = {A7B931CA-136F-AABF-9C63-A4960818A1C3}
	EndProjectSection
EndProject
Project("{2150E333-8FDC-42A3-9474-1A3956D46DE8}") = "0.native", "0.native", "{C5DB2705-F282-470C-B25F-5069128272E1}"
EndProject
Project("{2150E333-8FDC-42A3-9474-1A3956D46DE8}") = "1.managed", "1.managed", "{C81656A1-477D-4F95-83D2-000EA5C75945}"
EndProject
Project("{2150E333-8FDC-42A3-9474-1A3956D46DE8}") = "2.editor", "2.editor", "{399C62B3-A871-4B25-AFFA-045D82984D65}"
EndProject
Project("{8BC9CEB8-8B4A-11D0-8D11-00A0C91BC942}") = "fireengine.native.player", "src\fireengine.native.player\fireengine.native.player.vcxproj", "{061A7541-4E82-4458-83B7-8CB7EE46C068}"
	ProjectSection(ProjectDependencies) = postProject
		{5F775900-4B03-880B-B4B1-880BA05C880B} = {5F775900-4B03-880B-B4B1-880BA05C880B}
		{6C90947C-58C7-950D-01B4-7B10EDC9110F} = {6C90947C-58C7-950D-01B4-7B10EDC9110F}
		{C499947C-B0D0-950D-59BD-7B1045D3110F} = {C499947C-B0D0-950D-59BD-7B1045D3110F}
		{A7B931CA-136F-AABF-9C63-A4960818A1C3} = {A7B931CA-136F-AABF-9C63-A4960818A1C3}
	EndProjectSection
EndProject
Project("{9A19103F-16F7-4668-BE54-9A1E7A4F7556}") = "FireEngine", "src\fireengine.managed.player\FireEngine.csproj", "{AF074727-D08E-4594-A361-19C755CE48B8}"
	ProjectSection(ProjectDependencies) = postProject
		{061A7541-4E82-4458-83B7-8CB7EE46C068} = {061A7541-4E82-4458-83B7-8CB7EE46C068}
	EndProjectSection
EndProject
Project("{2150E333-8FDC-42A3-9474-1A3956D46DE8}") = "MD", "MD", "{E3B33F54-86BF-465D-AB4B-767FBC68D740}"
	ProjectSection(SolutionItems) = preProject
		README.md = README.md
	EndProjectSection
EndProject
Project("{9A19103F-16F7-4668-BE54-9A1E7A4F7556}") = "FireEditor", "src\fireengine.managed.editor\FireEditor.csproj", "{BEB9D048-168F-469F-8262-4BB2E1F38B5F}"
	ProjectSection(ProjectDependencies) = postProject
		{AF074727-D08E-4594-A361-19C755CE48B8} = {AF074727-D08E-4594-A361-19C755CE48B8}
		{061A7541-4E82-4458-83B7-8CB7EE46C068} = {061A7541-4E82-4458-83B7-8CB7EE46C068}
		{AFBC9962-1D27-4721-B837-ECCC4774C8F7} = {AFBC9962-1D27-4721-B837-ECCC4774C8F7}
	EndProjectSection
EndProject
Project("{8BC9CEB8-8B4A-11D0-8D11-00A0C91BC942}") = "fireengine.native.editor", "src\fireengine.native.editor\fireengine.native.editor.vcxproj", "{AFBC9962-1D27-4721-B837-ECCC4774C8F7}"
EndProject
Project("{8BC9CEB8-8B4A-11D0-8D11-00A0C91BC942}") = "example-common", "3rdparty\bgfx\.build\projects\vs2019\example-common.vcxproj", "{A788128C-9356-0692-7CEA-76B86857E2F6}"
EndProject
Global
	GlobalSection(SolutionConfigurationPlatforms) = preSolution
		Debug|Any CPU = Debug|Any CPU
		Debug|x64 = Debug|x64
		Debug|x86 = Debug|x86
		Release|Any CPU = Release|Any CPU
		Release|x64 = Release|x64
		Release|x86 = Release|x86
	EndGlobalSection
	GlobalSection(ProjectConfigurationPlatforms) = postSolution
		{6C90947C-58C7-950D-01B4-7B10EDC9110F}.Debug|Any CPU.ActiveCfg = Debug|Win32
		{6C90947C-58C7-950D-01B4-7B10EDC9110F}.Debug|x64.ActiveCfg = Debug|x64
		{6C90947C-58C7-950D-01B4-7B10EDC9110F}.Debug|x64.Build.0 = Debug|x64
		{6C90947C-58C7-950D-01B4-7B10EDC9110F}.Debug|x86.ActiveCfg = Debug|Win32
		{6C90947C-58C7-950D-01B4-7B10EDC9110F}.Debug|x86.Build.0 = Debug|Win32
		{6C90947C-58C7-950D-01B4-7B10EDC9110F}.Release|Any CPU.ActiveCfg = Release|Win32
		{6C90947C-58C7-950D-01B4-7B10EDC9110F}.Release|x64.ActiveCfg = Release|x64
		{6C90947C-58C7-950D-01B4-7B10EDC9110F}.Release|x64.Build.0 = Release|x64
		{6C90947C-58C7-950D-01B4-7B10EDC9110F}.Release|x86.ActiveCfg = Release|Win32
		{6C90947C-58C7-950D-01B4-7B10EDC9110F}.Release|x86.Build.0 = Release|Win32
		{C499947C-B0D0-950D-59BD-7B1045D3110F}.Debug|Any CPU.ActiveCfg = Debug|Win32
		{C499947C-B0D0-950D-59BD-7B1045D3110F}.Debug|x64.ActiveCfg = Debug|x64
		{C499947C-B0D0-950D-59BD-7B1045D3110F}.Debug|x64.Build.0 = Debug|x64
		{C499947C-B0D0-950D-59BD-7B1045D3110F}.Debug|x86.ActiveCfg = Debug|Win32
		{C499947C-B0D0-950D-59BD-7B1045D3110F}.Debug|x86.Build.0 = Debug|Win32
		{C499947C-B0D0-950D-59BD-7B1045D3110F}.Release|Any CPU.ActiveCfg = Release|Win32
		{C499947C-B0D0-950D-59BD-7B1045D3110F}.Release|x64.ActiveCfg = Release|x64
		{C499947C-B0D0-950D-59BD-7B1045D3110F}.Release|x64.Build.0 = Release|x64
		{C499947C-B0D0-950D-59BD-7B1045D3110F}.Release|x86.ActiveCfg = Release|Win32
		{C499947C-B0D0-950D-59BD-7B1045D3110F}.Release|x86.Build.0 = Release|Win32
		{A7B931CA-136F-AABF-9C63-A4960818A1C3}.Debug|Any CPU.ActiveCfg = Debug|Win32
		{A7B931CA-136F-AABF-9C63-A4960818A1C3}.Debug|x64.ActiveCfg = Debug|x64
		{A7B931CA-136F-AABF-9C63-A4960818A1C3}.Debug|x64.Build.0 = Debug|x64
		{A7B931CA-136F-AABF-9C63-A4960818A1C3}.Debug|x86.ActiveCfg = Debug|Win32
		{A7B931CA-136F-AABF-9C63-A4960818A1C3}.Debug|x86.Build.0 = Debug|Win32
		{A7B931CA-136F-AABF-9C63-A4960818A1C3}.Release|Any CPU.ActiveCfg = Release|Win32
		{A7B931CA-136F-AABF-9C63-A4960818A1C3}.Release|x64.ActiveCfg = Release|x64
		{A7B931CA-136F-AABF-9C63-A4960818A1C3}.Release|x64.Build.0 = Release|x64
		{A7B931CA-136F-AABF-9C63-A4960818A1C3}.Release|x86.ActiveCfg = Release|Win32
		{A7B931CA-136F-AABF-9C63-A4960818A1C3}.Release|x86.Build.0 = Release|Win32
		{5F775900-4B03-880B-B4B1-880BA05C880B}.Debug|Any CPU.ActiveCfg = Debug|Win32
		{5F775900-4B03-880B-B4B1-880BA05C880B}.Debug|x64.ActiveCfg = Debug|x64
		{5F775900-4B03-880B-B4B1-880BA05C880B}.Debug|x64.Build.0 = Debug|x64
		{5F775900-4B03-880B-B4B1-880BA05C880B}.Debug|x86.ActiveCfg = Debug|Win32
		{5F775900-4B03-880B-B4B1-880BA05C880B}.Debug|x86.Build.0 = Debug|Win32
		{5F775900-4B03-880B-B4B1-880BA05C880B}.Release|Any CPU.ActiveCfg = Release|Win32
		{5F775900-4B03-880B-B4B1-880BA05C880B}.Release|x64.ActiveCfg = Release|x64
		{5F775900-4B03-880B-B4B1-880BA05C880B}.Release|x64.Build.0 = Release|x64
		{5F775900-4B03-880B-B4B1-880BA05C880B}.Release|x86.ActiveCfg = Release|Win32
		{5F775900-4B03-880B-B4B1-880BA05C880B}.Release|x86.Build.0 = Release|Win32
		{E50B3DD7-A71E-4583-AE5A-096E8CA75D65}.Debug|Any CPU.ActiveCfg = Debug|Any CPU
		{E50B3DD7-A71E-4583-AE5A-096E8CA75D65}.Debug|Any CPU.Build.0 = Debug|Any CPU
		{E50B3DD7-A71E-4583-AE5A-096E8CA75D65}.Debug|x64.ActiveCfg = Debug|Any CPU
		{E50B3DD7-A71E-4583-AE5A-096E8CA75D65}.Debug|x64.Build.0 = Debug|Any CPU
		{E50B3DD7-A71E-4583-AE5A-096E8CA75D65}.Debug|x86.ActiveCfg = Debug|Any CPU
		{E50B3DD7-A71E-4583-AE5A-096E8CA75D65}.Debug|x86.Build.0 = Debug|Any CPU
		{E50B3DD7-A71E-4583-AE5A-096E8CA75D65}.Release|Any CPU.ActiveCfg = Release|Any CPU
		{E50B3DD7-A71E-4583-AE5A-096E8CA75D65}.Release|Any CPU.Build.0 = Release|Any CPU
		{E50B3DD7-A71E-4583-AE5A-096E8CA75D65}.Release|x64.ActiveCfg = Release|Any CPU
		{E50B3DD7-A71E-4583-AE5A-096E8CA75D65}.Release|x64.Build.0 = Release|Any CPU
		{E50B3DD7-A71E-4583-AE5A-096E8CA75D65}.Release|x86.ActiveCfg = Release|Any CPU
		{E50B3DD7-A71E-4583-AE5A-096E8CA75D65}.Release|x86.Build.0 = Release|Any CPU
		{01BF8C53-0A3E-4A45-A731-D61759D7C759}.Debug|Any CPU.ActiveCfg = Debug|Any CPU
		{01BF8C53-0A3E-4A45-A731-D61759D7C759}.Debug|Any CPU.Build.0 = Debug|Any CPU
		{01BF8C53-0A3E-4A45-A731-D61759D7C759}.Debug|x64.ActiveCfg = Debug|Any CPU
		{01BF8C53-0A3E-4A45-A731-D61759D7C759}.Debug|x64.Build.0 = Debug|Any CPU
		{01BF8C53-0A3E-4A45-A731-D61759D7C759}.Debug|x86.ActiveCfg = Debug|Any CPU
		{01BF8C53-0A3E-4A45-A731-D61759D7C759}.Debug|x86.Build.0 = Debug|Any CPU
		{01BF8C53-0A3E-4A45-A731-D61759D7C759}.Release|Any CPU.ActiveCfg = Release|Any CPU
		{01BF8C53-0A3E-4A45-A731-D61759D7C759}.Release|Any CPU.Build.0 = Release|Any CPU
		{01BF8C53-0A3E-4A45-A731-D61759D7C759}.Release|x64.ActiveCfg = Release|Any CPU
		{01BF8C53-0A3E-4A45-A731-D61759D7C759}.Release|x64.Build.0 = Release|Any CPU
		{01BF8C53-0A3E-4A45-A731-D61759D7C759}.Release|x86.ActiveCfg = Release|Any CPU
		{01BF8C53-0A3E-4A45-A731-D61759D7C759}.Release|x86.Build.0 = Release|Any CPU
		{5F970BA9-DDAF-4C6D-B225-F57894B98342}.Debug|Any CPU.ActiveCfg = Debug|Any CPU
		{5F970BA9-DDAF-4C6D-B225-F57894B98342}.Debug|Any CPU.Build.0 = Debug|Any CPU
		{5F970BA9-DDAF-4C6D-B225-F57894B98342}.Debug|x64.ActiveCfg = Debug|Any CPU
		{5F970BA9-DDAF-4C6D-B225-F57894B98342}.Debug|x64.Build.0 = Debug|Any CPU
		{5F970BA9-DDAF-4C6D-B225-F57894B98342}.Debug|x86.ActiveCfg = Debug|Any CPU
		{5F970BA9-DDAF-4C6D-B225-F57894B98342}.Debug|x86.Build.0 = Debug|Any CPU
		{5F970BA9-DDAF-4C6D-B225-F57894B98342}.Release|Any CPU.ActiveCfg = Release|Any CPU
		{5F970BA9-DDAF-4C6D-B225-F57894B98342}.Release|Any CPU.Build.0 = Release|Any CPU
		{5F970BA9-DDAF-4C6D-B225-F57894B98342}.Release|x64.ActiveCfg = Release|Any CPU
		{5F970BA9-DDAF-4C6D-B225-F57894B98342}.Release|x64.Build.0 = Release|Any CPU
		{5F970BA9-DDAF-4C6D-B225-F57894B98342}.Release|x86.ActiveCfg = Release|Any CPU
		{5F970BA9-DDAF-4C6D-B225-F57894B98342}.Release|x86.Build.0 = Release|Any CPU
		{061A7541-4E82-4458-83B7-8CB7EE46C068}.Debug|Any CPU.ActiveCfg = Debug|Win32
		{061A7541-4E82-4458-83B7-8CB7EE46C068}.Debug|x64.ActiveCfg = Debug|x64
		{061A7541-4E82-4458-83B7-8CB7EE46C068}.Debug|x64.Build.0 = Debug|x64
		{061A7541-4E82-4458-83B7-8CB7EE46C068}.Debug|x86.ActiveCfg = Debug|Win32
		{061A7541-4E82-4458-83B7-8CB7EE46C068}.Debug|x86.Build.0 = Debug|Win32
		{061A7541-4E82-4458-83B7-8CB7EE46C068}.Release|Any CPU.ActiveCfg = Release|Win32
		{061A7541-4E82-4458-83B7-8CB7EE46C068}.Release|x64.ActiveCfg = Release|x64
		{061A7541-4E82-4458-83B7-8CB7EE46C068}.Release|x64.Build.0 = Release|x64
		{061A7541-4E82-4458-83B7-8CB7EE46C068}.Release|x86.ActiveCfg = Release|Win32
		{061A7541-4E82-4458-83B7-8CB7EE46C068}.Release|x86.Build.0 = Release|Win32
		{AF074727-D08E-4594-A361-19C755CE48B8}.Debug|Any CPU.ActiveCfg = Debug|Any CPU
		{AF074727-D08E-4594-A361-19C755CE48B8}.Debug|Any CPU.Build.0 = Debug|Any CPU
		{AF074727-D08E-4594-A361-19C755CE48B8}.Debug|x64.ActiveCfg = Debug|Any CPU
		{AF074727-D08E-4594-A361-19C755CE48B8}.Debug|x64.Build.0 = Debug|Any CPU
		{AF074727-D08E-4594-A361-19C755CE48B8}.Debug|x86.ActiveCfg = Debug|Any CPU
		{AF074727-D08E-4594-A361-19C755CE48B8}.Debug|x86.Build.0 = Debug|Any CPU
		{AF074727-D08E-4594-A361-19C755CE48B8}.Release|Any CPU.ActiveCfg = Release|Any CPU
		{AF074727-D08E-4594-A361-19C755CE48B8}.Release|Any CPU.Build.0 = Release|Any CPU
		{AF074727-D08E-4594-A361-19C755CE48B8}.Release|x64.ActiveCfg = Release|Any CPU
		{AF074727-D08E-4594-A361-19C755CE48B8}.Release|x64.Build.0 = Release|Any CPU
		{AF074727-D08E-4594-A361-19C755CE48B8}.Release|x86.ActiveCfg = Release|Any CPU
		{AF074727-D08E-4594-A361-19C755CE48B8}.Release|x86.Build.0 = Release|Any CPU
		{BEB9D048-168F-469F-8262-4BB2E1F38B5F}.Debug|Any CPU.ActiveCfg = Debug|Any CPU
		{BEB9D048-168F-469F-8262-4BB2E1F38B5F}.Debug|Any CPU.Build.0 = Debug|Any CPU
		{BEB9D048-168F-469F-8262-4BB2E1F38B5F}.Debug|x64.ActiveCfg = Debug|Any CPU
		{BEB9D048-168F-469F-8262-4BB2E1F38B5F}.Debug|x64.Build.0 = Debug|Any CPU
		{BEB9D048-168F-469F-8262-4BB2E1F38B5F}.Debug|x86.ActiveCfg = Debug|Any CPU
		{BEB9D048-168F-469F-8262-4BB2E1F38B5F}.Debug|x86.Build.0 = Debug|Any CPU
		{BEB9D048-168F-469F-8262-4BB2E1F38B5F}.Release|Any CPU.ActiveCfg = Release|Any CPU
		{BEB9D048-168F-469F-8262-4BB2E1F38B5F}.Release|Any CPU.Build.0 = Release|Any CPU
		{BEB9D048-168F-469F-8262-4BB2E1F38B5F}.Release|x64.ActiveCfg = Release|Any CPU
		{BEB9D048-168F-469F-8262-4BB2E1F38B5F}.Release|x64.Build.0 = Release|Any CPU
		{BEB9D048-168F-469F-8262-4BB2E1F38B5F}.Release|x86.ActiveCfg = Release|Any CPU
		{BEB9D048-168F-469F-8262-4BB2E1F38B5F}.Release|x86.Build.0 = Release|Any CPU
		{AFBC9962-1D27-4721-B837-ECCC4774C8F7}.Debug|Any CPU.ActiveCfg = Debug|Win32
		{AFBC9962-1D27-4721-B837-ECCC4774C8F7}.Debug|x64.ActiveCfg = Debug|x64
		{AFBC9962-1D27-4721-B837-ECCC4774C8F7}.Debug|x64.Build.0 = Debug|x64
		{AFBC9962-1D27-4721-B837-ECCC4774C8F7}.Debug|x86.ActiveCfg = Debug|Win32
		{AFBC9962-1D27-4721-B837-ECCC4774C8F7}.Debug|x86.Build.0 = Debug|Win32
		{AFBC9962-1D27-4721-B837-ECCC4774C8F7}.Release|Any CPU.ActiveCfg = Release|Win32
		{AFBC9962-1D27-4721-B837-ECCC4774C8F7}.Release|x64.ActiveCfg = Release|x64
		{AFBC9962-1D27-4721-B837-ECCC4774C8F7}.Release|x64.Build.0 = Release|x64
		{AFBC9962-1D27-4721-B837-ECCC4774C8F7}.Release|x86.ActiveCfg = Release|Win32
		{AFBC9962-1D27-4721-B837-ECCC4774C8F7}.Release|x86.Build.0 = Release|Win32
		{A788128C-9356-0692-7CEA-76B86857E2F6}.Debug|Any CPU.ActiveCfg = Debug|Win32
		{A788128C-9356-0692-7CEA-76B86857E2F6}.Debug|x64.ActiveCfg = Debug|x64
		{A788128C-9356-0692-7CEA-76B86857E2F6}.Debug|x64.Build.0 = Debug|x64
		{A788128C-9356-0692-7CEA-76B86857E2F6}.Debug|x86.ActiveCfg = Debug|Win32
		{A788128C-9356-0692-7CEA-76B86857E2F6}.Debug|x86.Build.0 = Debug|Win32
		{A788128C-9356-0692-7CEA-76B86857E2F6}.Release|Any CPU.ActiveCfg = Release|Win32
		{A788128C-9356-0692-7CEA-76B86857E2F6}.Release|x64.ActiveCfg = Release|x64
		{A788128C-9356-0692-7CEA-76B86857E2F6}.Release|x64.Build.0 = Release|x64
		{A788128C-9356-0692-7CEA-76B86857E2F6}.Release|x86.ActiveCfg = Release|Win32
		{A788128C-9356-0692-7CEA-76B86857E2F6}.Release|x86.Build.0 = Release|Win32
	EndGlobalSection
	GlobalSection(SolutionProperties) = preSolution
		HideSolutionNode = FALSE
	EndGlobalSection
	GlobalSection(NestedProjects) = preSolution
		{6C90947C-58C7-950D-01B4-7B10EDC9110F} = {2BACCB8E-080B-46C0-B544-32F1D4F4BF0D}
		{C499947C-B0D0-950D-59BD-7B1045D3110F} = {2BACCB8E-080B-46C0-B544-32F1D4F4BF0D}
		{A7B931CA-136F-AABF-9C63-A4960818A1C3} = {2BACCB8E-080B-46C0-B544-32F1D4F4BF0D}
		{5F775900-4B03-880B-B4B1-880BA05C880B} = {2BACCB8E-080B-46C0-B544-32F1D4F4BF0D}
		{2BACCB8E-080B-46C0-B544-32F1D4F4BF0D} = {4392CFFC-0994-41FA-99AE-0202881E16FB}
		{E50B3DD7-A71E-4583-AE5A-096E8CA75D65} = {4392CFFC-0994-41FA-99AE-0202881E16FB}
		{01BF8C53-0A3E-4A45-A731-D61759D7C759} = {7573AA98-1184-44C9-A6F6-31BEC9484358}
		{5F970BA9-DDAF-4C6D-B225-F57894B98342} = {399C62B3-A871-4B25-AFFA-045D82984D65}
		{C5DB2705-F282-470C-B25F-5069128272E1} = {BAC3EE35-0244-44A9-81DE-52D413D01A27}
		{C81656A1-477D-4F95-83D2-000EA5C75945} = {BAC3EE35-0244-44A9-81DE-52D413D01A27}
		{399C62B3-A871-4B25-AFFA-045D82984D65} = {BAC3EE35-0244-44A9-81DE-52D413D01A27}
		{061A7541-4E82-4458-83B7-8CB7EE46C068} = {C5DB2705-F282-470C-B25F-5069128272E1}
		{AF074727-D08E-4594-A361-19C755CE48B8} = {C81656A1-477D-4F95-83D2-000EA5C75945}
		{BEB9D048-168F-469F-8262-4BB2E1F38B5F} = {C81656A1-477D-4F95-83D2-000EA5C75945}
		{AFBC9962-1D27-4721-B837-ECCC4774C8F7} = {C5DB2705-F282-470C-B25F-5069128272E1}
		{A788128C-9356-0692-7CEA-76B86857E2F6} = {2BACCB8E-080B-46C0-B544-32F1D4F4BF0D}
	EndGlobalSection
	GlobalSection(ExtensibilityGlobals) = postSolution
		SolutionGuid = {4005A8AA-F06E-4FF0-A0C4-6404472AADE2}
	EndGlobalSection
EndGlobal
