<?xml version="1.0" encoding="utf-8"?>
<Project ToolsVersion="4.0" xmlns="http://schemas.microsoft.com/developer/msbuild/2003">
  <ItemGroup>
    <ClCompile Include="FileSystem.cpp">
      <Filter>fileSystem</Filter>
    </ClCompile>
    <ClCompile Include="loader.cpp">
      <Filter>loader</Filter>
    </ClCompile>
  </ItemGroup>
  <ItemGroup>
    <ClInclude Include="RC.h" />
    <ClInclude Include="FileSystem.h">
      <Filter>fileSystem</Filter>
    </ClInclude>
    <ClInclude Include="loader.h">
      <Filter>loader</Filter>
    </ClInclude>
  </ItemGroup>
  <ItemGroup>
    <Filter Include="fileSystem">
      <UniqueIdentifier>{d5a06e44-78cd-4672-91cf-7f52d2cf7c2a}</UniqueIdentifier>
    </Filter>
    <Filter Include="loader">
      <UniqueIdentifier>{4a6ba369-8fdc-411d-80f8-d210dc26d70f}</UniqueIdentifier>
    </Filter>
  </ItemGroup>
</Project>