<?xml version="1.0" encoding="utf-8"?>
<Project ToolsVersion="4.0" xmlns="http://schemas.microsoft.com/developer/msbuild/2003">
  <ItemGroup>
    <ClCompile Include="app.cpp">
      <Filter>app</Filter>
    </ClCompile>
    <ClCompile Include="app_utils.cpp">
      <Filter>app</Filter>
    </ClCompile>
    <ClCompile Include="..\..\3rdparty\imgui_docking\imgui.cpp">
      <Filter>imgui</Filter>
    </ClCompile>
    <ClCompile Include="..\..\3rdparty\imgui_docking\imgui_demo.cpp">
      <Filter>imgui</Filter>
    </ClCompile>
    <ClCompile Include="..\..\3rdparty\imgui_docking\imgui_draw.cpp">
      <Filter>imgui</Filter>
    </ClCompile>
    <ClCompile Include="imgui_impl_bgfx.cpp">
      <Filter>imgui</Filter>
    </ClCompile>
    <ClCompile Include="imgui_utils.cpp">
      <Filter>imgui</Filter>
    </ClCompile>
    <ClCompile Include="..\..\3rdparty\imgui_docking\imgui_widgets.cpp">
      <Filter>imgui</Filter>
    </ClCompile>
    <ClCompile Include="main_shared.cpp">
      <Filter>app</Filter>
    </ClCompile>
    <ClCompile Include="..\..\3rdparty\imgui_docking\examples\libs\gl3w\GL\gl3w.c">
      <Filter>glfw</Filter>
    </ClCompile>
    <ClCompile Include="wrapper.cpp">
      <Filter>imgui</Filter>
    </ClCompile>
    <ClCompile Include="RC_utils.cpp">
      <Filter>RC</Filter>
    </ClCompile>
    <ClCompile Include="RC_wrapper.cpp">
      <Filter>RC</Filter>
    </ClCompile>
    <ClCompile Include="app_wrapper.cpp">
      <Filter>app</Filter>
    </ClCompile>
  </ItemGroup>
  <ItemGroup>
    <Filter Include="app">
      <UniqueIdentifier>{5e823012-5530-4dcb-9409-90a0a9d0f2a6}</UniqueIdentifier>
    </Filter>
    <Filter Include="imgui">
      <UniqueIdentifier>{82d9146e-0332-4c6d-9744-f6c378d2e0cf}</UniqueIdentifier>
    </Filter>
    <Filter Include="glfw">
      <UniqueIdentifier>{5a4b4553-d03b-4b38-8771-9fc3ce99ae04}</UniqueIdentifier>
    </Filter>
    <Filter Include="RC">
      <UniqueIdentifier>{0686aeb4-dc2e-495d-9c19-1685011c3c1a}</UniqueIdentifier>
    </Filter>
  </ItemGroup>
  <ItemGroup>
    <ClInclude Include="RC_utils.h">
      <Filter>RC</Filter>
    </ClInclude>
    <ClInclude Include="RC_wrapper.h">
      <Filter>RC</Filter>
    </ClInclude>
    <ClInclude Include="FW.h" />
    <ClInclude Include="app_wrapper.h">
      <Filter>app</Filter>
    </ClInclude>
    <ClInclude Include="main_shared.h">
      <Filter>app</Filter>
    </ClInclude>
    <ClInclude Include="app.h">
      <Filter>app</Filter>
    </ClInclude>
    <ClInclude Include="app_utils.h">
      <Filter>app</Filter>
    </ClInclude>
  </ItemGroup>
</Project>